
Microsoft Visual Studio Solution File, Format Version 12.00
# Visual Studio Version 17
VisualStudioVersion = 17.2.32630.192
MinimumVisualStudioVersion = 10.0.40219.1
Project("{FAE04EC0-301F-11D3-BF4B-00C04F79EFBC}") = "WebProyecto", "WebProyecto\WebProyecto.csproj", "{6701F0D1-3CD8-42B8-87AC-6E2419529DB8}"
EndProject
Project("{2150E333-8FDC-42A3-9474-1A3956D46DE8}") = "Solution Items", "Solution Items", "{AF8E53F6-3DBF-4F25-958A-05D0D96C319F}"
	ProjectSection(SolutionItems) = preProject
		.editorconfig = .editorconfig
	EndProjectSection
EndProject
Project("{2150E333-8FDC-42A3-9474-1A3956D46DE8}") = "Elementos de la solución", "Elementos de la solución", "{F0C2A311-7EE1-4A8F-B2A8-CC714BFF5AB2}"
EndProject
Global
	GlobalSection(SolutionConfigurationPlatforms) = preSolution
		Debug|Any CPU = Debug|Any CPU
		Release|Any CPU = Release|Any CPU
	EndGlobalSection
	GlobalSection(ProjectConfigurationPlatforms) = postSolution
		{6701F0D1-3CD8-42B8-87AC-6E2419529DB8}.Debug|Any CPU.ActiveCfg = Debug|Any CPU
		{6701F0D1-3CD8-42B8-87AC-6E2419529DB8}.Debug|Any CPU.Build.0 = Debug|Any CPU
		{6701F0D1-3CD8-42B8-87AC-6E2419529DB8}.Release|Any CPU.ActiveCfg = Release|Any CPU
		{6701F0D1-3CD8-42B8-87AC-6E2419529DB8}.Release|Any CPU.Build.0 = Release|Any CPU
	EndGlobalSection
	GlobalSection(SolutionProperties) = preSolution
		HideSolutionNode = FALSE
	EndGlobalSection
	GlobalSection(ExtensibilityGlobals) = postSolution
		SolutionGuid = {3D386C39-3BE3-4F92-9FAF-3EECC8D203B5}
	EndGlobalSection
EndGlobal
